
Microsoft Visual Studio Solution File, Format Version 12.00
# Visual Studio Version 16
VisualStudioVersion = 16.0.30709.132
MinimumVisualStudioVersion = 10.0.40219.1
Project("{9A19103F-16F7-4668-BE54-9A1E7A4F7556}") = "PhysicalInsight.MathLibrary", "PhysicalInsight.MathLibrary\PhysicalInsight.MathLibrary.csproj", "{E6DA5760-6D9D-4A0A-972C-0EDA08607795}"
EndProject
Project("{9A19103F-16F7-4668-BE54-9A1E7A4F7556}") = "PhysicalInsight.AISDatabase", "PhysicalInsight.AISDatabase\PhysicalInsight.AISDatabase.csproj", "{6CDF387E-7183-4FD0-95DE-23BB6B1317F4}"
EndProject
Project("{9A19103F-16F7-4668-BE54-9A1E7A4F7556}") = "PhysicalInsight.AISDatabase.Tests", "PhysicalInsight.AISDatabase.Tests\PhysicalInsight.AISDatabase.Tests.csproj", "{79DAFB07-9639-493F-BBD3-527B874D0900}"
EndProject
Project("{FAE04EC0-301F-11D3-BF4B-00C04F79EFBC}") = "PhysicalInsight.AISDataService.Interfaces", "PhysicalInsight.AISDataService.Interfaces\PhysicalInsight.AISDataService.Interfaces.csproj", "{D8C8FF4E-06EA-4CDC-8445-CBA843A90394}"
EndProject
Project("{FAE04EC0-301F-11D3-BF4B-00C04F79EFBC}") = "PhysicalInsight.AISDataService", "PhysicalInsight.AISDataService\PhysicalInsight.AISDataService.csproj", "{540EE0EE-816E-462B-BBCF-051824A78ACC}"
EndProject
Global
	GlobalSection(SolutionConfigurationPlatforms) = preSolution
		Debug|Any CPU = Debug|Any CPU
		Release|Any CPU = Release|Any CPU
	EndGlobalSection
	GlobalSection(ProjectConfigurationPlatforms) = postSolution
		{E6DA5760-6D9D-4A0A-972C-0EDA08607795}.Debug|Any CPU.ActiveCfg = Debug|Any CPU
		{E6DA5760-6D9D-4A0A-972C-0EDA08607795}.Debug|Any CPU.Build.0 = Debug|Any CPU
		{E6DA5760-6D9D-4A0A-972C-0EDA08607795}.Release|Any CPU.ActiveCfg = Release|Any CPU
		{E6DA5760-6D9D-4A0A-972C-0EDA08607795}.Release|Any CPU.Build.0 = Release|Any CPU
		{6CDF387E-7183-4FD0-95DE-23BB6B1317F4}.Debug|Any CPU.ActiveCfg = Debug|Any CPU
		{6CDF387E-7183-4FD0-95DE-23BB6B1317F4}.Debug|Any CPU.Build.0 = Debug|Any CPU
		{6CDF387E-7183-4FD0-95DE-23BB6B1317F4}.Release|Any CPU.ActiveCfg = Release|Any CPU
		{6CDF387E-7183-4FD0-95DE-23BB6B1317F4}.Release|Any CPU.Build.0 = Release|Any CPU
		{79DAFB07-9639-493F-BBD3-527B874D0900}.Debug|Any CPU.ActiveCfg = Debug|Any CPU
		{79DAFB07-9639-493F-BBD3-527B874D0900}.Debug|Any CPU.Build.0 = Debug|Any CPU
		{79DAFB07-9639-493F-BBD3-527B874D0900}.Release|Any CPU.ActiveCfg = Release|Any CPU
		{79DAFB07-9639-493F-BBD3-527B874D0900}.Release|Any CPU.Build.0 = Release|Any CPU
		{D8C8FF4E-06EA-4CDC-8445-CBA843A90394}.Debug|Any CPU.ActiveCfg = Debug|Any CPU
		{D8C8FF4E-06EA-4CDC-8445-CBA843A90394}.Debug|Any CPU.Build.0 = Debug|Any CPU
		{D8C8FF4E-06EA-4CDC-8445-CBA843A90394}.Release|Any CPU.ActiveCfg = Release|Any CPU
		{D8C8FF4E-06EA-4CDC-8445-CBA843A90394}.Release|Any CPU.Build.0 = Release|Any CPU
		{540EE0EE-816E-462B-BBCF-051824A78ACC}.Debug|Any CPU.ActiveCfg = Debug|Any CPU
		{540EE0EE-816E-462B-BBCF-051824A78ACC}.Debug|Any CPU.Build.0 = Debug|Any CPU
		{540EE0EE-816E-462B-BBCF-051824A78ACC}.Release|Any CPU.ActiveCfg = Release|Any CPU
		{540EE0EE-816E-462B-BBCF-051824A78ACC}.Release|Any CPU.Build.0 = Release|Any CPU
	EndGlobalSection
	GlobalSection(SolutionProperties) = preSolution
		HideSolutionNode = FALSE
	EndGlobalSection
	GlobalSection(ExtensibilityGlobals) = postSolution
		SolutionGuid = {B9AAFF02-A43F-4910-AAC9-476599017161}
	EndGlobalSection
EndGlobal
